
Microsoft Visual Studio Solution File, Format Version 12.00
# Visual Studio 2012
Project("{2150E333-8FDC-42A3-9474-1A3956D46DE8}") = "Host", "Host", "{45819436-CB6A-4E59-BB40-F2D823E19A8B}"
EndProject
Project("{FAE04EC0-301F-11D3-BF4B-00C04F79EFBC}") = "InsightDerm.Host.Api", "InsightDerm.Host.Api\InsightDerm.Host.Api.csproj", "{89D3A4A1-75C7-410D-9BC2-7578D6353399}"
EndProject
Project("{2150E333-8FDC-42A3-9474-1A3956D46DE8}") = "Core", "Core", "{A54CCBFE-7647-4CD3-A002-4E3E06EEE3CE}"
EndProject
Project("{2150E333-8FDC-42A3-9474-1A3956D46DE8}") = "Data", "Data", "{934889ED-3078-4C65-BAC4-136AABAF477C}"
EndProject
Project("{FAE04EC0-301F-11D3-BF4B-00C04F79EFBC}") = "InsightDerm.Core.Data.Domain", "InsightDerm.Core.Data.Entities\InsightDerm.Core.Data.Domain.csproj", "{3EA4F827-AC60-4363-AA0F-56304CC7781C}"
EndProject
Global
	GlobalSection(SolutionConfigurationPlatforms) = preSolution
		Debug|Any CPU = Debug|Any CPU
		Release|Any CPU = Release|Any CPU
	EndGlobalSection
	GlobalSection(ProjectConfigurationPlatforms) = postSolution
		{89D3A4A1-75C7-410D-9BC2-7578D6353399}.Debug|Any CPU.ActiveCfg = Debug|Any CPU
		{89D3A4A1-75C7-410D-9BC2-7578D6353399}.Debug|Any CPU.Build.0 = Debug|Any CPU
		{89D3A4A1-75C7-410D-9BC2-7578D6353399}.Release|Any CPU.ActiveCfg = Release|Any CPU
		{89D3A4A1-75C7-410D-9BC2-7578D6353399}.Release|Any CPU.Build.0 = Release|Any CPU
		{3EA4F827-AC60-4363-AA0F-56304CC7781C}.Debug|Any CPU.ActiveCfg = Debug|Any CPU
		{3EA4F827-AC60-4363-AA0F-56304CC7781C}.Debug|Any CPU.Build.0 = Debug|Any CPU
		{3EA4F827-AC60-4363-AA0F-56304CC7781C}.Release|Any CPU.ActiveCfg = Release|Any CPU
		{3EA4F827-AC60-4363-AA0F-56304CC7781C}.Release|Any CPU.Build.0 = Release|Any CPU
	EndGlobalSection
	GlobalSection(NestedProjects) = preSolution
		{89D3A4A1-75C7-410D-9BC2-7578D6353399} = {45819436-CB6A-4E59-BB40-F2D823E19A8B}
		{934889ED-3078-4C65-BAC4-136AABAF477C} = {A54CCBFE-7647-4CD3-A002-4E3E06EEE3CE}
		{3EA4F827-AC60-4363-AA0F-56304CC7781C} = {934889ED-3078-4C65-BAC4-136AABAF477C}
	EndGlobalSection
EndGlobal
