Microsoft Visual Studio Solution File, Format Version 12.00
# Visual Studio 15
VisualStudioVersion = 15.0.26228.4
MinimumVisualStudioVersion = 10.0.40219.1
Project("{2150E333-8FDC-42A3-9474-1A3956D46DE8}") = "Host", "Host", "{45819436-CB6A-4E59-BB40-F2D823E19A8B}"
EndProject
Project("{9A19103F-16F7-4668-BE54-9A1E7A4F7556}") = "InsightDerm.Host.Api", "InsightDerm.Host.Api\InsightDerm.Host.Api.csproj", "{89D3A4A1-75C7-410D-9BC2-7578D6353399}"
EndProject
Project("{2150E333-8FDC-42A3-9474-1A3956D46DE8}") = "Core", "Core", "{A54CCBFE-7647-4CD3-A002-4E3E06EEE3CE}"
EndProject
Project("{2150E333-8FDC-42A3-9474-1A3956D46DE8}") = "Domain", "Domain", "{515A1211-8F0A-424B-89EF-6EC6DA579EA3}"
EndProject
Project("{FAE04EC0-301F-11D3-BF4B-00C04F79EFBC}") = "InsightDerm.Core.Data.Domain", "InsightDerm.Core.Data.Domain\InsightDerm.Core.Data.Domain.csproj", "{83BA6557-E793-435A-AB43-3C90AC654407}"
EndProject
Global
	GlobalSection(SolutionConfigurationPlatforms) = preSolution
		Debug|Any CPU = Debug|Any CPU
		Release|Any CPU = Release|Any CPU
	EndGlobalSection
	GlobalSection(ProjectConfigurationPlatforms) = postSolution
		{89D3A4A1-75C7-410D-9BC2-7578D6353399}.Debug|Any CPU.ActiveCfg = Debug|Any CPU
		{89D3A4A1-75C7-410D-9BC2-7578D6353399}.Debug|Any CPU.Build.0 = Debug|Any CPU
		{89D3A4A1-75C7-410D-9BC2-7578D6353399}.Release|Any CPU.ActiveCfg = Release|Any CPU
		{89D3A4A1-75C7-410D-9BC2-7578D6353399}.Release|Any CPU.Build.0 = Release|Any CPU
		{83BA6557-E793-435A-AB43-3C90AC654407}.Debug|Any CPU.ActiveCfg = Debug|Any CPU
		{83BA6557-E793-435A-AB43-3C90AC654407}.Debug|Any CPU.Build.0 = Debug|Any CPU
		{83BA6557-E793-435A-AB43-3C90AC654407}.Release|Any CPU.ActiveCfg = Release|Any CPU
		{83BA6557-E793-435A-AB43-3C90AC654407}.Release|Any CPU.Build.0 = Release|Any CPU
	EndGlobalSection
	GlobalSection(SolutionProperties) = preSolution
		HideSolutionNode = FALSE
	EndGlobalSection
	GlobalSection(NestedProjects) = preSolution
		{89D3A4A1-75C7-410D-9BC2-7578D6353399} = {45819436-CB6A-4E59-BB40-F2D823E19A8B}
		{515A1211-8F0A-424B-89EF-6EC6DA579EA3} = {A54CCBFE-7647-4CD3-A002-4E3E06EEE3CE}
		{83BA6557-E793-435A-AB43-3C90AC654407} = {515A1211-8F0A-424B-89EF-6EC6DA579EA3}
	EndGlobalSection
EndGlobal
